<?xml version="1.0" encoding="utf-8"?>
<Project ToolsVersion="4.0" xmlns="http://schemas.microsoft.com/developer/msbuild/2003">
  <ItemGroup>
    <Filter Include="Header files">
      <UniqueIdentifier>{2b76a0e2-76b5-4c72-b527-6914ef25a89d}</UniqueIdentifier>
    </Filter>
    <Filter Include="Source Files">
      <UniqueIdentifier>{a88f5474-1887-4055-875a-ee9ff84abc0d}</UniqueIdentifier>
    </Filter>
  </ItemGroup>
  <ItemGroup>
    <ClInclude Include="..\include\RobotEstimator.hpp">
      <Filter>Header files</Filter>
    </ClInclude>
    <ClInclude Include="..\include\Simulator.hpp">
      <Filter>Header files</Filter>
    </ClInclude>
    <ClInclude Include="..\include\StandStill.hpp">
      <Filter>Header files</Filter>
    </ClInclude>
    <ClInclude Include="..\include\StateData.hpp">
      <Filter>Header files</Filter>
    </ClInclude>
    <ClInclude Include="..\include\targetver.h">
      <Filter>Header files</Filter>
    </ClInclude>
    <ClInclude Include="..\include\Updatable.hpp">
      <Filter>Header files</Filter>
    </ClInclude>
    <ClInclude Include="..\include\Utilities.hpp">
      <Filter>Header files</Filter>
    </ClInclude>
    <ClInclude Include="..\include\WalkAroundField.hpp">
      <Filter>Header files</Filter>
    </ClInclude>
    <ClInclude Include="..\include\WalkBackAndForward.hpp">
      <Filter>Header files</Filter>
    </ClInclude>
    <ClInclude Include="..\include\WalkInStraightLine.hpp">
      <Filter>Header files</Filter>
    </ClInclude>
    <ClInclude Include="..\include\WalkToPoint.hpp">
      <Filter>Header files</Filter>
    </ClInclude>
    <ClInclude Include="..\include\WaypointWalker.hpp">
      <Filter>Header files</Filter>
    </ClInclude>
    <ClInclude Include="..\include\AutonomousBehaviour.hpp">
      <Filter>Header files</Filter>
    </ClInclude>
    <ClInclude Include="..\include\AutonomousRobot.hpp">
      <Filter>Header files</Filter>
    </ClInclude>
    <ClInclude Include="..\include\AverageFilter.hpp">
      <Filter>Header files</Filter>
    </ClInclude>
    <ClInclude Include="..\include\AverageTracker.hpp">
      <Filter>Header files</Filter>
    </ClInclude>
    <ClInclude Include="..\include\BehaviourStatus.hpp">
      <Filter>Header files</Filter>
    </ClInclude>
    <ClInclude Include="..\include\BehaviourUpdate.hpp">
      <Filter>Header files</Filter>
    </ClInclude>
    <ClInclude Include="..\include\DataLogger.hpp">
      <Filter>Header files</Filter>
    </ClInclude>
    <ClInclude Include="..\include\Drawable.hpp">
      <Filter>Header files</Filter>
    </ClInclude>
    <ClInclude Include="..\include\Field.hpp">
      <Filter>Header files</Filter>
    </ClInclude>
    <ClInclude Include="..\include\Initialisable.hpp">
      <Filter>Header files</Filter>
    </ClInclude>
    <ClInclude Include="..\include\KalmanFilter.hpp">
      <Filter>Header files</Filter>
    </ClInclude>
    <ClInclude Include="..\include\LastMeasurementFilter.hpp">
      <Filter>Header files</Filter>
    </ClInclude>
    <ClInclude Include="..\include\LocalisationSimulator.hpp">
      <Filter>Header files</Filter>
    </ClInclude>
    <ClInclude Include="..\include\LocalisingRobot.hpp">
      <Filter>Header files</Filter>
    </ClInclude>
    <ClInclude Include="..\include\MeasurementData.hpp">
      <Filter>Header files</Filter>
    </ClInclude>
    <ClInclude Include="..\include\MeasurementFilter.hpp">
      <Filter>Header files</Filter>
    </ClInclude>
    <ClInclude Include="..\include\MeasurementGenerator.hpp">
      <Filter>Header files</Filter>
    </ClInclude>
    <ClInclude Include="..\include\Monitor.hpp">
      <Filter>Header files</Filter>
    </ClInclude>
    <ClInclude Include="..\include\Moving.hpp">
      <Filter>Header files</Filter>
    </ClInclude>
    <ClInclude Include="..\include\Robot.hpp">
      <Filter>Header files</Filter>
    </ClInclude>
  </ItemGroup>
  <ItemGroup>
    <ClCompile Include="..\src\MeasurementGenerator.cpp">
      <Filter>Source Files</Filter>
    </ClCompile>
    <ClCompile Include="..\src\Monitor.cpp">
      <Filter>Source Files</Filter>
    </ClCompile>
    <ClCompile Include="..\src\Moving.cpp">
      <Filter>Source Files</Filter>
    </ClCompile>
    <ClCompile Include="..\src\Robot.cpp">
      <Filter>Source Files</Filter>
    </ClCompile>
    <ClCompile Include="..\src\RobotEstimator.cpp">
      <Filter>Source Files</Filter>
    </ClCompile>
    <ClCompile Include="..\src\Simulator.cpp">
      <Filter>Source Files</Filter>
    </ClCompile>
    <ClCompile Include="..\src\StandStill.cpp">
      <Filter>Source Files</Filter>
    </ClCompile>
    <ClCompile Include="..\src\WalkAroundField.cpp">
      <Filter>Source Files</Filter>
    </ClCompile>
    <ClCompile Include="..\src\WalkBackAndForward.cpp">
      <Filter>Source Files</Filter>
    </ClCompile>
    <ClCompile Include="..\src\WalkInStraightLine.cpp">
      <Filter>Source Files</Filter>
    </ClCompile>
    <ClCompile Include="..\src\WalkToPoint.cpp">
      <Filter>Source Files</Filter>
    </ClCompile>
    <ClCompile Include="..\src\WaypointWalker.cpp">
      <Filter>Source Files</Filter>
    </ClCompile>
    <ClCompile Include="..\src\AutonomousRobot.cpp">
      <Filter>Source Files</Filter>
    </ClCompile>
    <ClCompile Include="..\src\AverageFilter.cpp">
      <Filter>Source Files</Filter>
    </ClCompile>
    <ClCompile Include="..\src\DataLogger.cpp">
      <Filter>Source Files</Filter>
    </ClCompile>
    <ClCompile Include="..\src\Drawable.cpp">
      <Filter>Source Files</Filter>
    </ClCompile>
    <ClCompile Include="..\src\Field.cpp">
      <Filter>Source Files</Filter>
    </ClCompile>
    <ClCompile Include="..\src\KalmanFilter.cpp">
      <Filter>Source Files</Filter>
    </ClCompile>
    <ClCompile Include="..\src\LastMeasurementFilter.cpp">
      <Filter>Source Files</Filter>
    </ClCompile>
    <ClCompile Include="..\src\LocalisationSimulator.cpp">
      <Filter>Source Files</Filter>
    </ClCompile>
    <ClCompile Include="..\src\LocalisingRobot.cpp">
      <Filter>Source Files</Filter>
    </ClCompile>
  </ItemGroup>
</Project>